
Microsoft Visual Studio Solution File, Format Version 12.00
# Visual Studio 15
VisualStudioVersion = 15.0.27428.2002
MinimumVisualStudioVersion = 10.0.40219.1
Project("{9A19103F-16F7-4668-BE54-9A1E7A4F7556}") = "BreadPickerApi", "BreadPickerApi\BreadPickerApi.csproj", "{040E13CE-81B6-496F-BF21-3711627FD1CC}"
EndProject
Project("{FAE04EC0-301F-11D3-BF4B-00C04F79EFBC}") = "BreadPickerWeb", "BreadPickerWeb\BreadPickerWeb.csproj", "{681592E6-AA51-41FF-AF95-A7C41071CC94}"
EndProject
Global
	GlobalSection(SolutionConfigurationPlatforms) = preSolution
		Debug|Any CPU = Debug|Any CPU
		Release|Any CPU = Release|Any CPU
	EndGlobalSection
	GlobalSection(ProjectConfigurationPlatforms) = postSolution
		{040E13CE-81B6-496F-BF21-3711627FD1CC}.Debug|Any CPU.ActiveCfg = Debug|Any CPU
		{040E13CE-81B6-496F-BF21-3711627FD1CC}.Debug|Any CPU.Build.0 = Debug|Any CPU
		{040E13CE-81B6-496F-BF21-3711627FD1CC}.Release|Any CPU.ActiveCfg = Release|Any CPU
		{040E13CE-81B6-496F-BF21-3711627FD1CC}.Release|Any CPU.Build.0 = Release|Any CPU
		{681592E6-AA51-41FF-AF95-A7C41071CC94}.Debug|Any CPU.ActiveCfg = Debug|Any CPU
		{681592E6-AA51-41FF-AF95-A7C41071CC94}.Debug|Any CPU.Build.0 = Debug|Any CPU
		{681592E6-AA51-41FF-AF95-A7C41071CC94}.Release|Any CPU.ActiveCfg = Release|Any CPU
		{681592E6-AA51-41FF-AF95-A7C41071CC94}.Release|Any CPU.Build.0 = Release|Any CPU
	EndGlobalSection
	GlobalSection(SolutionProperties) = preSolution
		HideSolutionNode = FALSE
	EndGlobalSection
	GlobalSection(ExtensibilityGlobals) = postSolution
		SolutionGuid = {91978B5F-BD52-4963-92DE-D85E864C2190}
	EndGlobalSection
EndGlobal
